// !$*UTF8*$!
{
	archiveVersion = 1;
	classes = {
	};
	objectVersion = 50;
	objects = {

/* Begin PBXBuildFile section */
		AED55D12256CF53A00D527DB /* AppDelegate.swift in Sources */ = {isa = PBXBuildFile; fileRef = AED55D11256CF53A00D527DB /* AppDelegate.swift */; };
		AED55D14256CF53A00D527DB /* SceneDelegate.swift in Sources */ = {isa = PBXBuildFile; fileRef = AED55D13256CF53A00D527DB /* SceneDelegate.swift */; };
		AED55D16256CF53A00D527DB /* ViewController.swift in Sources */ = {isa = PBXBuildFile; fileRef = AED55D15256CF53A00D527DB /* ViewController.swift */; };
		AED55D19256CF53A00D527DB /* Main.storyboard in Resources */ = {isa = PBXBuildFile; fileRef = AED55D17256CF53A00D527DB /* Main.storyboard */; };
		AED55D1B256CF53B00D527DB /* Assets.xcassets in Resources */ = {isa = PBXBuildFile; fileRef = AED55D1A256CF53B00D527DB /* Assets.xcassets */; };
		AED55D1E256CF53B00D527DB /* LaunchScreen.storyboard in Resources */ = {isa = PBXBuildFile; fileRef = AED55D1C256CF53B00D527DB /* LaunchScreen.storyboard */; };
		AED55D29256CF53B00D527DB /* I_Am_RichTests.swift in Sources */ = {isa = PBXBuildFile; fileRef = AED55D28256CF53B00D527DB /* I_Am_RichTests.swift */; };
		AED55D34256CF53B00D527DB /* I_Am_RichUITests.swift in Sources */ = {isa = PBXBuildFile; fileRef = AED55D33256CF53B00D527DB /* I_Am_RichUITests.swift */; };
/* End PBXBuildFile section */

/* Begin PBXContainerItemProxy section */
		AED55D25256CF53B00D527DB /* PBXContainerItemProxy */ = {
			isa = PBXContainerItemProxy;
			containerPortal = AED55D06256CF53A00D527DB /* Project object */;
			proxyType = 1;
			remoteGlobalIDString = AED55D0D256CF53A00D527DB;
			remoteInfo = "I Am Rich";
		};
		AED55D30256CF53B00D527DB /* PBXContainerItemProxy */ = {
			isa = PBXContainerItemProxy;
			containerPortal = AED55D06256CF53A00D527DB /* Project object */;
			proxyType = 1;
			remoteGlobalIDString = AED55D0D256CF53A00D527DB;
			remoteInfo = "I Am Rich";
		};
/* End PBXContainerItemProxy section */

/* Begin PBXFileReference section */
		AED55D0E256CF53A00D527DB /* I Am Rich.app */ = {isa = PBXFileReference; explicitFileType = wrapper.application; includeInIndex = 0; path = "I Am Rich.app"; sourceTree = BUILT_PRODUCTS_DIR; };
		AED55D11256CF53A00D527DB /* AppDelegate.swift */ = {isa = PBXFileReference; lastKnownFileType = sourcecode.swift; path = AppDelegate.swift; sourceTree = "<group>"; };
		AED55D13256CF53A00D527DB /* SceneDelegate.swift */ = {isa = PBXFileReference; lastKnownFileType = sourcecode.swift; path = SceneDelegate.swift; sourceTree = "<group>"; };
		AED55D15256CF53A00D527DB /* ViewController.swift */ = {isa = PBXFileReference; lastKnownFileType = sourcecode.swift; path = ViewController.swift; sourceTree = "<group>"; };
		AED55D18256CF53A00D527DB /* Base */ = {isa = PBXFileReference; lastKnownFileType = file.storyboard; name = Base; path = Base.lproj/Main.storyboard; sourceTree = "<group>"; };
		AED55D1A256CF53B00D527DB /* Assets.xcassets */ = {isa = PBXFileReference; lastKnownFileType = folder.assetcatalog; path = Assets.xcassets; sourceTree = "<group>"; };
		AED55D1D256CF53B00D527DB /* Base */ = {isa = PBXFileReference; lastKnownFileType = file.storyboard; name = Base; path = Base.lproj/LaunchScreen.storyboard; sourceTree = "<group>"; };
		AED55D1F256CF53B00D527DB /* Info.plist */ = {isa = PBXFileReference; lastKnownFileType = text.plist.xml; path = Info.plist; sourceTree = "<group>"; };
		AED55D24256CF53B00D527DB /* I Am RichTests.xctest */ = {isa = PBXFileReference; explicitFileType = wrapper.cfbundle; includeInIndex = 0; path = "I Am RichTests.xctest"; sourceTree = BUILT_PRODUCTS_DIR; };
		AED55D28256CF53B00D527DB /* I_Am_RichTests.swift */ = {isa = PBXFileReference; lastKnownFileType = sourcecode.swift; path = I_Am_RichTests.swift; sourceTree = "<group>"; };
		AED55D2A256CF53B00D527DB /* Info.plist */ = {isa = PBXFileReference; lastKnownFileType = text.plist.xml; path = Info.plist; sourceTree = "<group>"; };
		AED55D2F256CF53B00D527DB /* I Am RichUITests.xctest */ = {isa = PBXFileReference; explicitFileType = wrapper.cfbundle; includeInIndex = 0; path = "I Am RichUITests.xctest"; sourceTree = BUILT_PRODUCTS_DIR; };
		AED55D33256CF53B00D527DB /* I_Am_RichUITests.swift */ = {isa = PBXFileReference; lastKnownFileType = sourcecode.swift; path = I_Am_RichUITests.swift; sourceTree = "<group>"; };
		AED55D35256CF53B00D527DB /* Info.plist */ = {isa = PBXFileReference; lastKnownFileType = text.plist.xml; path = Info.plist; sourceTree = "<group>"; };
/* End PBXFileReference section */

/* Begin PBXFrameworksBuildPhase section */
		AED55D0B256CF53A00D527DB /* Frameworks */ = {
			isa = PBXFrameworksBuildPhase;
			buildActionMask = 2147483647;
			files = (
			);
			runOnlyForDeploymentPostprocessing = 0;
		};
		AED55D21256CF53B00D527DB /* Frameworks */ = {
			isa = PBXFrameworksBuildPhase;
			buildActionMask = 2147483647;
			files = (
			);
			runOnlyForDeploymentPostprocessing = 0;
		};
		AED55D2C256CF53B00D527DB /* Frameworks */ = {
			isa = PBXFrameworksBuildPhase;
			buildActionMask = 2147483647;
			files = (
			);
			runOnlyForDeploymentPostprocessing = 0;
		};
/* End PBXFrameworksBuildPhase section */

/* Begin PBXGroup section */
		AED55D05256CF53A00D527DB = {
			isa = PBXGroup;
			children = (
				AED55D10256CF53A00D527DB /* I Am Rich */,
				AED55D27256CF53B00D527DB /* I Am RichTests */,
				AED55D32256CF53B00D527DB /* I Am RichUITests */,
				AED55D0F256CF53A00D527DB /* Products */,
			);
			sourceTree = "<group>";
		};
		AED55D0F256CF53A00D527DB /* Products */ = {
			isa = PBXGroup;
			children = (
				AED55D0E256CF53A00D527DB /* I Am Rich.app */,
				AED55D24256CF53B00D527DB /* I Am RichTests.xctest */,
				AED55D2F256CF53B00D527DB /* I Am RichUITests.xctest */,
			);
			name = Products;
			sourceTree = "<group>";
		};
		AED55D10256CF53A00D527DB /* I Am Rich */ = {
			isa = PBXGroup;
			children = (
				AED55D11256CF53A00D527DB /* AppDelegate.swift */,
				AED55D13256CF53A00D527DB /* SceneDelegate.swift */,
				AED55D15256CF53A00D527DB /* ViewController.swift */,
				AED55D17256CF53A00D527DB /* Main.storyboard */,
				AED55D1A256CF53B00D527DB /* Assets.xcassets */,
				AED55D1C256CF53B00D527DB /* LaunchScreen.storyboard */,
				AED55D1F256CF53B00D527DB /* Info.plist */,
			);
			path = "I Am Rich";
			sourceTree = "<group>";
		};
		AED55D27256CF53B00D527DB /* I Am RichTests */ = {
			isa = PBXGroup;
			children = (
				AED55D28256CF53B00D527DB /* I_Am_RichTests.swift */,
				AED55D2A256CF53B00D527DB /* Info.plist */,
			);
			path = "I Am RichTests";
			sourceTree = "<group>";
		};
		AED55D32256CF53B00D527DB /* I Am RichUITests */ = {
			isa = PBXGroup;
			children = (
				AED55D33256CF53B00D527DB /* I_Am_RichUITests.swift */,
				AED55D35256CF53B00D527DB /* Info.plist */,
			);
			path = "I Am RichUITests";
			sourceTree = "<group>";
		};
/* End PBXGroup section */

/* Begin PBXNativeTarget section */
		AED55D0D256CF53A00D527DB /* I Am Rich */ = {
			isa = PBXNativeTarget;
			buildConfigurationList = AED55D38256CF53B00D527DB /* Build configuration list for PBXNativeTarget "I Am Rich" */;
			buildPhases = (
				AED55D0A256CF53A00D527DB /* Sources */,
				AED55D0B256CF53A00D527DB /* Frameworks */,
				AED55D0C256CF53A00D527DB /* Resources */,
			);
			buildRules = (
			);
			dependencies = (
			);
			name = "I Am Rich";
			productName = "I Am Rich";
			productReference = AED55D0E256CF53A00D527DB /* I Am Rich.app */;
			productType = "com.apple.product-type.application";
		};
		AED55D23256CF53B00D527DB /* I Am RichTests */ = {
			isa = PBXNativeTarget;
			buildConfigurationList = AED55D3B256CF53B00D527DB /* Build configuration list for PBXNativeTarget "I Am RichTests" */;
			buildPhases = (
				AED55D20256CF53B00D527DB /* Sources */,
				AED55D21256CF53B00D527DB /* Frameworks */,
				AED55D22256CF53B00D527DB /* Resources */,
			);
			buildRules = (
			);
			dependencies = (
				AED55D26256CF53B00D527DB /* PBXTargetDependency */,
			);
			name = "I Am RichTests";
			productName = "I Am RichTests";
			productReference = AED55D24256CF53B00D527DB /* I Am RichTests.xctest */;
			productType = "com.apple.product-type.bundle.unit-test";
		};
		AED55D2E256CF53B00D527DB /* I Am RichUITests */ = {
			isa = PBXNativeTarget;
			buildConfigurationList = AED55D3E256CF53B00D527DB /* Build configuration list for PBXNativeTarget "I Am RichUITests" */;
			buildPhases = (
				AED55D2B256CF53B00D527DB /* Sources */,
				AED55D2C256CF53B00D527DB /* Frameworks */,
				AED55D2D256CF53B00D527DB /* Resources */,
			);
			buildRules = (
			);
			dependencies = (
				AED55D31256CF53B00D527DB /* PBXTargetDependency */,
			);
			name = "I Am RichUITests";
			productName = "I Am RichUITests";
			productReference = AED55D2F256CF53B00D527DB /* I Am RichUITests.xctest */;
			productType = "com.apple.product-type.bundle.ui-testing";
		};
/* End PBXNativeTarget section */

/* Begin PBXProject section */
		AED55D06256CF53A00D527DB /* Project object */ = {
			isa = PBXProject;
			attributes = {
				LastSwiftUpdateCheck = 1220;
				LastUpgradeCheck = 1220;
				TargetAttributes = {
					AED55D0D256CF53A00D527DB = {
						CreatedOnToolsVersion = 12.2;
					};
					AED55D23256CF53B00D527DB = {
						CreatedOnToolsVersion = 12.2;
						TestTargetID = AED55D0D256CF53A00D527DB;
					};
					AED55D2E256CF53B00D527DB = {
						CreatedOnToolsVersion = 12.2;
						TestTargetID = AED55D0D256CF53A00D527DB;
					};
				};
			};
			buildConfigurationList = AED55D09256CF53A00D527DB /* Build configuration list for PBXProject "I Am Rich" */;
			compatibilityVersion = "Xcode 9.3";
			developmentRegion = en;
			hasScannedForEncodings = 0;
			knownRegions = (
				en,
				Base,
			);
			mainGroup = AED55D05256CF53A00D527DB;
			productRefGroup = AED55D0F256CF53A00D527DB /* Products */;
			projectDirPath = "";
			projectRoot = "";
			targets = (
				AED55D0D256CF53A00D527DB /* I Am Rich */,
				AED55D23256CF53B00D527DB /* I Am RichTests */,
				AED55D2E256CF53B00D527DB /* I Am RichUITests */,
			);
		};
/* End PBXProject section */

/* Begin PBXResourcesBuildPhase section */
		AED55D0C256CF53A00D527DB /* Resources */ = {
			isa = PBXResourcesBuildPhase;
			buildActionMask = 2147483647;
			files = (
				AED55D1E256CF53B00D527DB /* LaunchScreen.storyboard in Resources */,
				AED55D1B256CF53B00D527DB /* Assets.xcassets in Resources */,
				AED55D19256CF53A00D527DB /* Main.storyboard in Resources */,
			);
			runOnlyForDeploymentPostprocessing = 0;
		};
		AED55D22256CF53B00D527DB /* Resources */ = {
			isa = PBXResourcesBuildPhase;
			buildActionMask = 2147483647;
			files = (
			);
			runOnlyForDeploymentPostprocessing = 0;
		};
		AED55D2D256CF53B00D527DB /* Resources */ = {
			isa = PBXResourcesBuildPhase;
			buildActionMask = 2147483647;
			files = (
			);
			runOnlyForDeploymentPostprocessing = 0;
		};
/* End PBXResourcesBuildPhase section */

/* Begin PBXSourcesBuildPhase section */
		AED55D0A256CF53A00D527DB /* Sources */ = {
			isa = PBXSourcesBuildPhase;
			buildActionMask = 2147483647;
			files = (
				AED55D16256CF53A00D527DB /* ViewController.swift in Sources */,
				AED55D12256CF53A00D527DB /* AppDelegate.swift in Sources */,
				AED55D14256CF53A00D527DB /* SceneDelegate.swift in Sources */,
			);
			runOnlyForDeploymentPostprocessing = 0;
		};
		AED55D20256CF53B00D527DB /* Sources */ = {
			isa = PBXSourcesBuildPhase;
			buildActionMask = 2147483647;
			files = (
				AED55D29256CF53B00D527DB /* I_Am_RichTests.swift in Sources */,
			);
			runOnlyForDeploymentPostprocessing = 0;
		};
		AED55D2B256CF53B00D527DB /* Sources */ = {
			isa = PBXSourcesBuildPhase;
			buildActionMask = 2147483647;
			files = (
				AED55D34256CF53B00D527DB /* I_Am_RichUITests.swift in Sources */,
			);
			runOnlyForDeploymentPostprocessing = 0;
		};
/* End PBXSourcesBuildPhase section */

/* Begin PBXTargetDependency section */
		AED55D26256CF53B00D527DB /* PBXTargetDependency */ = {
			isa = PBXTargetDependency;
			target = AED55D0D256CF53A00D527DB /* I Am Rich */;
			targetProxy = AED55D25256CF53B00D527DB /* PBXContainerItemProxy */;
		};
		AED55D31256CF53B00D527DB /* PBXTargetDependency */ = {
			isa = PBXTargetDependency;
			target = AED55D0D256CF53A00D527DB /* I Am Rich */;
			targetProxy = AED55D30256CF53B00D527DB /* PBXContainerItemProxy */;
		};
/* End PBXTargetDependency section */

/* Begin PBXVariantGroup section */
		AED55D17256CF53A00D527DB /* Main.storyboard */ = {
			isa = PBXVariantGroup;
			children = (
				AED55D18256CF53A00D527DB /* Base */,
			);
			name = Main.storyboard;
			sourceTree = "<group>";
		};
		AED55D1C256CF53B00D527DB /* LaunchScreen.storyboard */ = {
			isa = PBXVariantGroup;
			children = (
				AED55D1D256CF53B00D527DB /* Base */,
			);
			name = LaunchScreen.storyboard;
			sourceTree = "<group>";
		};
/* End PBXVariantGroup section */

/* Begin XCBuildConfiguration section */
		AED55D36256CF53B00D527DB /* Debug */ = {
			isa = XCBuildConfiguration;
			buildSettings = {
				ALWAYS_SEARCH_USER_PATHS = NO;
				CLANG_ANALYZER_NONNULL = YES;
				CLANG_ANALYZER_NUMBER_OBJECT_CONVERSION = YES_AGGRESSIVE;
				CLANG_CXX_LANGUAGE_STANDARD = "gnu++14";
				CLANG_CXX_LIBRARY = "libc++";
				CLANG_ENABLE_MODULES = YES;
				CLANG_ENABLE_OBJC_ARC = YES;
				CLANG_ENABLE_OBJC_WEAK = YES;
				CLANG_WARN_BLOCK_CAPTURE_AUTORELEASING = YES;
				CLANG_WARN_BOOL_CONVERSION = YES;
				CLANG_WARN_COMMA = YES;
				CLANG_WARN_CONSTANT_CONVERSION = YES;
				CLANG_WARN_DEPRECATED_OBJC_IMPLEMENTATIONS = YES;
				CLANG_WARN_DIRECT_OBJC_ISA_USAGE = YES_ERROR;
				CLANG_WARN_DOCUMENTATION_COMMENTS = YES;
				CLANG_WARN_EMPTY_BODY = YES;
				CLANG_WARN_ENUM_CONVERSION = YES;
				CLANG_WARN_INFINITE_RECURSION = YES;
				CLANG_WARN_INT_CONVERSION = YES;
				CLANG_WARN_NON_LITERAL_NULL_CONVERSION = YES;
				CLANG_WARN_OBJC_IMPLICIT_RETAIN_SELF = YES;
				CLANG_WARN_OBJC_LITERAL_CONVERSION = YES;
				CLANG_WARN_OBJC_ROOT_CLASS = YES_ERROR;
				CLANG_WARN_QUOTED_INCLUDE_IN_FRAMEWORK_HEADER = YES;
				CLANG_WARN_RANGE_LOOP_ANALYSIS = YES;
				CLANG_WARN_STRICT_PROTOTYPES = YES;
				CLANG_WARN_SUSPICIOUS_MOVE = YES;
				CLANG_WARN_UNGUARDED_AVAILABILITY = YES_AGGRESSIVE;
				CLANG_WARN_UNREACHABLE_CODE = YES;
				CLANG_WARN__DUPLICATE_METHOD_MATCH = YES;
				COPY_PHASE_STRIP = NO;
				DEBUG_INFORMATION_FORMAT = dwarf;
				ENABLE_STRICT_OBJC_MSGSEND = YES;
				ENABLE_TESTABILITY = YES;
				GCC_C_LANGUAGE_STANDARD = gnu11;
				GCC_DYNAMIC_NO_PIC = NO;
				GCC_NO_COMMON_BLOCKS = YES;
				GCC_OPTIMIZATION_LEVEL = 0;
				GCC_PREPROCESSOR_DEFINITIONS = (
					"DEBUG=1",
					"$(inherited)",
				);
				GCC_WARN_64_TO_32_BIT_CONVERSION = YES;
				GCC_WARN_ABOUT_RETURN_TYPE = YES_ERROR;
				GCC_WARN_UNDECLARED_SELECTOR = YES;
				GCC_WARN_UNINITIALIZED_AUTOS = YES_AGGRESSIVE;
				GCC_WARN_UNUSED_FUNCTION = YES;
				GCC_WARN_UNUSED_VARIABLE = YES;
				IPHONEOS_DEPLOYMENT_TARGET = 14.2;
				MTL_ENABLE_DEBUG_INFO = INCLUDE_SOURCE;
				MTL_FAST_MATH = YES;
				ONLY_ACTIVE_ARCH = YES;
				SDKROOT = iphoneos;
				SWIFT_ACTIVE_COMPILATION_CONDITIONS = DEBUG;
				SWIFT_OPTIMIZATION_LEVEL = "-Onone";
			};
			name = Debug;
		};
		AED55D37256CF53B00D527DB /* Release */ = {
			isa = XCBuildConfiguration;
			buildSettings = {
				ALWAYS_SEARCH_USER_PATHS = NO;
				CLANG_ANALYZER_NONNULL = YES;
				CLANG_ANALYZER_NUMBER_OBJECT_CONVERSION = YES_AGGRESSIVE;
				CLANG_CXX_LANGUAGE_STANDARD = "gnu++14";
				CLANG_CXX_LIBRARY = "libc++";
				CLANG_ENABLE_MODULES = YES;
				CLANG_ENABLE_OBJC_ARC = YES;
				CLANG_ENABLE_OBJC_WEAK = YES;
				CLANG_WARN_BLOCK_CAPTURE_AUTORELEASING = YES;
				CLANG_WARN_BOOL_CONVERSION = YES;
				CLANG_WARN_COMMA = YES;
				CLANG_WARN_CONSTANT_CONVERSION = YES;
				CLANG_WARN_DEPRECATED_OBJC_IMPLEMENTATIONS = YES;
				CLANG_WARN_DIRECT_OBJC_ISA_USAGE = YES_ERROR;
				CLANG_WARN_DOCUMENTATION_COMMENTS = YES;
				CLANG_WARN_EMPTY_BODY = YES;
				CLANG_WARN_ENUM_CONVERSION = YES;
				CLANG_WARN_INFINITE_RECURSION = YES;
				CLANG_WARN_INT_CONVERSION = YES;
				CLANG_WARN_NON_LITERAL_NULL_CONVERSION = YES;
				CLANG_WARN_OBJC_IMPLICIT_RETAIN_SELF = YES;
				CLANG_WARN_OBJC_LITERAL_CONVERSION = YES;
				CLANG_WARN_OBJC_ROOT_CLASS = YES_ERROR;
				CLANG_WARN_QUOTED_INCLUDE_IN_FRAMEWORK_HEADER = YES;
				CLANG_WARN_RANGE_LOOP_ANALYSIS = YES;
				CLANG_WARN_STRICT_PROTOTYPES = YES;
				CLANG_WARN_SUSPICIOUS_MOVE = YES;
				CLANG_WARN_UNGUARDED_AVAILABILITY = YES_AGGRESSIVE;
				CLANG_WARN_UNREACHABLE_CODE = YES;
				CLANG_WARN__DUPLICATE_METHOD_MATCH = YES;
				COPY_PHASE_STRIP = NO;
				DEBUG_INFORMATION_FORMAT = "dwarf-with-dsym";
				ENABLE_NS_ASSERTIONS = NO;
				ENABLE_STRICT_OBJC_MSGSEND = YES;
				GCC_C_LANGUAGE_STANDARD = gnu11;
				GCC_NO_COMMON_BLOCKS = YES;
				GCC_WARN_64_TO_32_BIT_CONVERSION = YES;
				GCC_WARN_ABOUT_RETURN_TYPE = YES_ERROR;
				GCC_WARN_UNDECLARED_SELECTOR = YES;
				GCC_WARN_UNINITIALIZED_AUTOS = YES_AGGRESSIVE;
				GCC_WARN_UNUSED_FUNCTION = YES;
				GCC_WARN_UNUSED_VARIABLE = YES;
				IPHONEOS_DEPLOYMENT_TARGET = 14.2;
				MTL_ENABLE_DEBUG_INFO = NO;
				MTL_FAST_MATH = YES;
				SDKROOT = iphoneos;
				SWIFT_COMPILATION_MODE = wholemodule;
				SWIFT_OPTIMIZATION_LEVEL = "-O";
				VALIDATE_PRODUCT = YES;
			};
			name = Release;
		};
		AED55D39256CF53B00D527DB /* Debug */ = {
			isa = XCBuildConfiguration;
			buildSettings = {
				ASSETCATALOG_COMPILER_APPICON_NAME = AppIcon;
				ASSETCATALOG_COMPILER_GLOBAL_ACCENT_COLOR_NAME = AccentColor;
				CODE_SIGN_STYLE = Automatic;
				INFOPLIST_FILE = "I Am Rich/Info.plist";
				LD_RUNPATH_SEARCH_PATHS = (
					"$(inherited)",
					"@executable_path/Frameworks",
				);
				PRODUCT_BUNDLE_IDENTIFIER = "com.leko25.I-Am-Rich";
				PRODUCT_NAME = "$(TARGET_NAME)";
				SWIFT_VERSION = 5.0;
				TARGETED_DEVICE_FAMILY = "1,2";
			};
			name = Debug;
		};
		AED55D3A256CF53B00D527DB /* Release */ = {
			isa = XCBuildConfiguration;
			buildSettings = {
				ASSETCATALOG_COMPILER_APPICON_NAME = AppIcon;
				ASSETCATALOG_COMPILER_GLOBAL_ACCENT_COLOR_NAME = AccentColor;
				CODE_SIGN_STYLE = Automatic;
				INFOPLIST_FILE = "I Am Rich/Info.plist";
				LD_RUNPATH_SEARCH_PATHS = (
					"$(inherited)",
					"@executable_path/Frameworks",
				);
				PRODUCT_BUNDLE_IDENTIFIER = "com.leko25.I-Am-Rich";
				PRODUCT_NAME = "$(TARGET_NAME)";
				SWIFT_VERSION = 5.0;
				TARGETED_DEVICE_FAMILY = "1,2";
			};
			name = Release;
		};
		AED55D3C256CF53B00D527DB /* Debug */ = {
			isa = XCBuildConfiguration;
			buildSettings = {
				ALWAYS_EMBED_SWIFT_STANDARD_LIBRARIES = YES;
				BUNDLE_LOADER = "$(TEST_HOST)";
				CODE_SIGN_STYLE = Automatic;
				INFOPLIST_FILE = "I Am RichTests/Info.plist";
				IPHONEOS_DEPLOYMENT_TARGET = 14.2;
				LD_RUNPATH_SEARCH_PATHS = (
					"$(inherited)",
					"@executable_path/Frameworks",
					"@loader_path/Frameworks",
				);
				PRODUCT_BUNDLE_IDENTIFIER = "com.leko25.I-Am-RichTests";
				PRODUCT_NAME = "$(TARGET_NAME)";
				SWIFT_VERSION = 5.0;
				TARGETED_DEVICE_FAMILY = "1,2";
				TEST_HOST = "$(BUILT_PRODUCTS_DIR)/I Am Rich.app/I Am Rich";
			};
			name = Debug;
		};
		AED55D3D256CF53B00D527DB /* Release */ = {
			isa = XCBuildConfiguration;
			buildSettings = {
				ALWAYS_EMBED_SWIFT_STANDARD_LIBRARIES = YES;
				BUNDLE_LOADER = "$(TEST_HOST)";
				CODE_SIGN_STYLE = Automatic;
				INFOPLIST_FILE = "I Am RichTests/Info.plist";
				IPHONEOS_DEPLOYMENT_TARGET = 14.2;
				LD_RUNPATH_SEARCH_PATHS = (
					"$(inherited)",
					"@executable_path/Frameworks",
					"@loader_path/Frameworks",
				);
				PRODUCT_BUNDLE_IDENTIFIER = "com.leko25.I-Am-RichTests";
				PRODUCT_NAME = "$(TARGET_NAME)";
				SWIFT_VERSION = 5.0;
				TARGETED_DEVICE_FAMILY = "1,2";
				TEST_HOST = "$(BUILT_PRODUCTS_DIR)/I Am Rich.app/I Am Rich";
			};
			name = Release;
		};
		AED55D3F256CF53B00D527DB /* Debug */ = {
			isa = XCBuildConfiguration;
			buildSettings = {
				ALWAYS_EMBED_SWIFT_STANDARD_LIBRARIES = YES;
				CODE_SIGN_STYLE = Automatic;
				INFOPLIST_FILE = "I Am RichUITests/Info.plist";
				LD_RUNPATH_SEARCH_PATHS = (
					"$(inherited)",
					"@executable_path/Frameworks",
					"@loader_path/Frameworks",
				);
				PRODUCT_BUNDLE_IDENTIFIER = "com.leko25.I-Am-RichUITests";
				PRODUCT_NAME = "$(TARGET_NAME)";
				SWIFT_VERSION = 5.0;
				TARGETED_DEVICE_FAMILY = "1,2";
				TEST_TARGET_NAME = "I Am Rich";
			};
			name = Debug;
		};
		AED55D40256CF53B00D527DB /* Release */ = {
			isa = XCBuildConfiguration;
			buildSettings = {
				ALWAYS_EMBED_SWIFT_STANDARD_LIBRARIES = YES;
				CODE_SIGN_STYLE = Automatic;
				INFOPLIST_FILE = "I Am RichUITests/Info.plist";
				LD_RUNPATH_SEARCH_PATHS = (
					"$(inherited)",
					"@executable_path/Frameworks",
					"@loader_path/Frameworks",
				);
				PRODUCT_BUNDLE_IDENTIFIER = "com.leko25.I-Am-RichUITests";
				PRODUCT_NAME = "$(TARGET_NAME)";
				SWIFT_VERSION = 5.0;
				TARGETED_DEVICE_FAMILY = "1,2";
				TEST_TARGET_NAME = "I Am Rich";
			};
			name = Release;
		};
/* End XCBuildConfiguration section */

/* Begin XCConfigurationList section */
		AED55D09256CF53A00D527DB /* Build configuration list for PBXProject "I Am Rich" */ = {
			isa = XCConfigurationList;
			buildConfigurations = (
				AED55D36256CF53B00D527DB /* Debug */,
				AED55D37256CF53B00D527DB /* Release */,
			);
			defaultConfigurationIsVisible = 0;
			defaultConfigurationName = Release;
		};
		AED55D38256CF53B00D527DB /* Build configuration list for PBXNativeTarget "I Am Rich" */ = {
			isa = XCConfigurationList;
			buildConfigurations = (
				AED55D39256CF53B00D527DB /* Debug */,
				AED55D3A256CF53B00D527DB /* Release */,
			);
			defaultConfigurationIsVisible = 0;
			defaultConfigurationName = Release;
		};
		AED55D3B256CF53B00D527DB /* Build configuration list for PBXNativeTarget "I Am RichTests" */ = {
			isa = XCConfigurationList;
			buildConfigurations = (
				AED55D3C256CF53B00D527DB /* Debug */,
				AED55D3D256CF53B00D527DB /* Release */,
			);
			defaultConfigurationIsVisible = 0;
			defaultConfigurationName = Release;
		};
		AED55D3E256CF53B00D527DB /* Build configuration list for PBXNativeTarget "I Am RichUITests" */ = {
			isa = XCConfigurationList;
			buildConfigurations = (
				AED55D3F256CF53B00D527DB /* Debug */,
				AED55D40256CF53B00D527DB /* Release */,
			);
			defaultConfigurationIsVisible = 0;
			defaultConfigurationName = Release;
		};
/* End XCConfigurationList section */
	};
	rootObject = AED55D06256CF53A00D527DB /* Project object */;
}
